
Microsoft Visual Studio Solution File, Format Version 12.00
# Visual Studio Version 17
VisualStudioVersion = 17.1.32421.90
MinimumVisualStudioVersion = 10.0.40219.1
Project("{2150E333-8FDC-42A3-9474-1A3956D46DE8}") = "src", "src", "{7F73ECDF-CF2C-4680-B43B-EB257F8AD99B}"
EndProject
Project("{2150E333-8FDC-42A3-9474-1A3956D46DE8}") = "API", "API", "{494109D9-E067-49B6-816A-70FC8E8EC4C6}"
EndProject
Project("{2150E333-8FDC-42A3-9474-1A3956D46DE8}") = "Core", "Core", "{9C53BFF0-40A8-43A5-A4B0-B7DFDA7932A2}"
EndProject
Project("{2150E333-8FDC-42A3-9474-1A3956D46DE8}") = "Infrastructure", "Infrastructure", "{39C4E0A5-2445-403D-B7F9-EA6C6CF15086}"
EndProject
Project("{2150E333-8FDC-42A3-9474-1A3956D46DE8}") = "test", "test", "{8D624992-F61B-44AA-92E4-32EF421BD4F2}"
EndProject
Project("{9A19103F-16F7-4668-BE54-9A1E7A4F7556}") = "LeaveManagement.Domain", "src\Core\LeaveManagement.Domain\LeaveManagement.Domain.csproj", "{35F650A0-7ACD-4EFA-ACE7-83581E7D5D38}"
EndProject
Project("{9A19103F-16F7-4668-BE54-9A1E7A4F7556}") = "LeaveManagement.Application", "src\Core\LeaveManagement.Application\LeaveManagement.Application.csproj", "{56368205-72B7-4492-8C19-DA16E9F66C14}"
EndProject
Project("{9A19103F-16F7-4668-BE54-9A1E7A4F7556}") = "LeaveManagement.Infrastructure", "src\Infrastructure\LeaveManagement.Infrastructure\LeaveManagement.Infrastructure.csproj", "{17AD72E5-6C18-48AE-9084-A3E407F480B4}"
EndProject
Project("{9A19103F-16F7-4668-BE54-9A1E7A4F7556}") = "LeaveManagement.Persistence", "src\Infrastructure\LeaveManagement.Persistence\LeaveManagement.Persistence.csproj", "{C1637613-424C-41C7-82DF-2020832BF965}"
EndProject
Project("{FAE04EC0-301F-11D3-BF4B-00C04F79EFBC}") = "LeaveManagement.API", "src\API\LeaveManagement.API\LeaveManagement.API.csproj", "{30894F1D-8BB2-409D-88AA-C89B15FFB6F5}"
EndProject
Global
	GlobalSection(SolutionConfigurationPlatforms) = preSolution
		Debug|Any CPU = Debug|Any CPU
		Release|Any CPU = Release|Any CPU
	EndGlobalSection
	GlobalSection(ProjectConfigurationPlatforms) = postSolution
		{35F650A0-7ACD-4EFA-ACE7-83581E7D5D38}.Debug|Any CPU.ActiveCfg = Debug|Any CPU
		{35F650A0-7ACD-4EFA-ACE7-83581E7D5D38}.Debug|Any CPU.Build.0 = Debug|Any CPU
		{35F650A0-7ACD-4EFA-ACE7-83581E7D5D38}.Release|Any CPU.ActiveCfg = Release|Any CPU
		{35F650A0-7ACD-4EFA-ACE7-83581E7D5D38}.Release|Any CPU.Build.0 = Release|Any CPU
		{56368205-72B7-4492-8C19-DA16E9F66C14}.Debug|Any CPU.ActiveCfg = Debug|Any CPU
		{56368205-72B7-4492-8C19-DA16E9F66C14}.Debug|Any CPU.Build.0 = Debug|Any CPU
		{56368205-72B7-4492-8C19-DA16E9F66C14}.Release|Any CPU.ActiveCfg = Release|Any CPU
		{56368205-72B7-4492-8C19-DA16E9F66C14}.Release|Any CPU.Build.0 = Release|Any CPU
		{17AD72E5-6C18-48AE-9084-A3E407F480B4}.Debug|Any CPU.ActiveCfg = Debug|Any CPU
		{17AD72E5-6C18-48AE-9084-A3E407F480B4}.Debug|Any CPU.Build.0 = Debug|Any CPU
		{17AD72E5-6C18-48AE-9084-A3E407F480B4}.Release|Any CPU.ActiveCfg = Release|Any CPU
		{17AD72E5-6C18-48AE-9084-A3E407F480B4}.Release|Any CPU.Build.0 = Release|Any CPU
		{C1637613-424C-41C7-82DF-2020832BF965}.Debug|Any CPU.ActiveCfg = Debug|Any CPU
		{C1637613-424C-41C7-82DF-2020832BF965}.Debug|Any CPU.Build.0 = Debug|Any CPU
		{C1637613-424C-41C7-82DF-2020832BF965}.Release|Any CPU.ActiveCfg = Release|Any CPU
		{C1637613-424C-41C7-82DF-2020832BF965}.Release|Any CPU.Build.0 = Release|Any CPU
		{30894F1D-8BB2-409D-88AA-C89B15FFB6F5}.Debug|Any CPU.ActiveCfg = Debug|Any CPU
		{30894F1D-8BB2-409D-88AA-C89B15FFB6F5}.Debug|Any CPU.Build.0 = Debug|Any CPU
		{30894F1D-8BB2-409D-88AA-C89B15FFB6F5}.Release|Any CPU.ActiveCfg = Release|Any CPU
		{30894F1D-8BB2-409D-88AA-C89B15FFB6F5}.Release|Any CPU.Build.0 = Release|Any CPU
	EndGlobalSection
	GlobalSection(SolutionProperties) = preSolution
		HideSolutionNode = FALSE
	EndGlobalSection
	GlobalSection(NestedProjects) = preSolution
		{494109D9-E067-49B6-816A-70FC8E8EC4C6} = {7F73ECDF-CF2C-4680-B43B-EB257F8AD99B}
		{9C53BFF0-40A8-43A5-A4B0-B7DFDA7932A2} = {7F73ECDF-CF2C-4680-B43B-EB257F8AD99B}
		{39C4E0A5-2445-403D-B7F9-EA6C6CF15086} = {7F73ECDF-CF2C-4680-B43B-EB257F8AD99B}
		{35F650A0-7ACD-4EFA-ACE7-83581E7D5D38} = {9C53BFF0-40A8-43A5-A4B0-B7DFDA7932A2}
		{56368205-72B7-4492-8C19-DA16E9F66C14} = {9C53BFF0-40A8-43A5-A4B0-B7DFDA7932A2}
		{17AD72E5-6C18-48AE-9084-A3E407F480B4} = {39C4E0A5-2445-403D-B7F9-EA6C6CF15086}
		{C1637613-424C-41C7-82DF-2020832BF965} = {39C4E0A5-2445-403D-B7F9-EA6C6CF15086}
		{30894F1D-8BB2-409D-88AA-C89B15FFB6F5} = {494109D9-E067-49B6-816A-70FC8E8EC4C6}
	EndGlobalSection
	GlobalSection(ExtensibilityGlobals) = postSolution
		SolutionGuid = {C217072D-E4F7-4825-BCFD-8EDDE3663E8D}
	EndGlobalSection
EndGlobal
